{
  "name": "monitoria-app",
  "version": "1.0.0",
  "lockfileVersion": 1,
  "requires": true,
  "dependencies": {
    "@prisma/engines": {
      "version": "4.1.0",
      "resolved": "https://registry.npmjs.org/@prisma/engines/-/engines-4.1.0.tgz",
      "integrity": "sha512-quqHXD3P83NBLVtRlts4SgKHmqgA8GMiyDTJ7af03Wg0gl6F5t65mBYvIuwmD+52vHm42JtIsp/fAO9YIV0JBA==",
      "dev": true
    },
    "prisma": {
      "version": "4.1.0",
      "resolved": "https://registry.npmjs.org/prisma/-/prisma-4.1.0.tgz",
      "integrity": "sha512-iwqpAT6In1uvMSwQAM3PqmaBdhh2OaQ/2t+n3RjpW4vAKP3R7E1T34FZUU4zGOWtMWm5dt0sPThQkT/h87r6gw==",
      "dev": true,
      "requires": {
        "@prisma/engines": "4.1.0"
      }
    }
  }
}
